
Microsoft Visual Studio Solution File, Format Version 12.00
# Visual Studio Version 17
VisualStudioVersion = 17.4.33205.214
MinimumVisualStudioVersion = 10.0.40219.1
Project("{FAE04EC0-301F-11D3-BF4B-00C04F79EFBC}") = "SingeltonDesignPatternDemo", "SingeltonDesignPatternDemo\SingeltonDesignPatternDemo.csproj", "{3F5DB94E-2531-48C3-B516-7B62FFB24603}"
EndProject
Global
	GlobalSection(SolutionConfigurationPlatforms) = preSolution
		Debug|Any CPU = Debug|Any CPU
		Release|Any CPU = Release|Any CPU
	EndGlobalSection
	GlobalSection(ProjectConfigurationPlatforms) = postSolution
		{3F5DB94E-2531-48C3-B516-7B62FFB24603}.Debug|Any CPU.ActiveCfg = Debug|Any CPU
		{3F5DB94E-2531-48C3-B516-7B62FFB24603}.Debug|Any CPU.Build.0 = Debug|Any CPU
		{3F5DB94E-2531-48C3-B516-7B62FFB24603}.Release|Any CPU.ActiveCfg = Release|Any CPU
		{3F5DB94E-2531-48C3-B516-7B62FFB24603}.Release|Any CPU.Build.0 = Release|Any CPU
	EndGlobalSection
	GlobalSection(SolutionProperties) = preSolution
		HideSolutionNode = FALSE
	EndGlobalSection
	GlobalSection(ExtensibilityGlobals) = postSolution
		SolutionGuid = {0CB29792-D3A8-46B3-8221-D54DBA846712}
	EndGlobalSection
EndGlobal
